# THIS IS AN AUTOGENERATED FILE. DO NOT EDIT THIS FILE DIRECTLY.
# yarn lockfile v1


commonmark-helpers@^0.4.0:
  version "0.4.1"
  resolved "https://registry.npmjs.org/commonmark-helpers/-/commonmark-helpers-0.4.1.tgz"
  integrity sha512-DGLcVABCUSWJ8aCpe3yG40bnto6pn3cc1TfabV4Iro6tU3QquKn9KaGp/HuCD20o6WCB5u2BetQeO22paOy6qg==
  dependencies:
    commonmark "^0.21.0"
    ramda "^0.17.1"

commonmark@^0.21.0:
  version "0.21.0"
  resolved "https://registry.npmjs.org/commonmark/-/commonmark-0.21.0.tgz"
  integrity sha512-DbmJEJpsx1aSsDzi2mNu42dvtZWNCsrG+J7OD+qhv3InxffHRlpuKZCFoT/kzNBi6MflIHxerUeY6n7Az2yeFg==
  dependencies:
    entities "~ 1.1.1"
    mdurl "~ 1.0.0"
    string.prototype.repeat "^0.2.0"

"entities@~ 1.1.1":
  version "1.1.1"
  resolved "https://registry.npmjs.org/entities/-/entities-1.1.1.tgz"
  integrity sha512-bWStsIg5+vWzgtKoA/pkAIJzRAeUatnImqcK4CyHd2KoNq3fCg/tHDoE/7e81yRq9Xg8XUSvAcsSaMCp4a3HuQ==

get-md-desc@^1.0.2:
  version "1.0.2"
  resolved "https://registry.npmjs.org/get-md-desc/-/get-md-desc-1.0.2.tgz"
  integrity sha512-zKtNaambKmIe1jc4RfgzgwH7nIM3m+4d06YxBizongaI3iOyOnH8mrVzsqh9HQ9hq4IN4OFtsP3PCeMKl0HDBA==
  dependencies:
    commonmark-helpers "^0.4.0"
    trim-html-tag "^1.0.4"

get-md-title@^1.0.4:
  version "1.0.4"
  resolved "https://registry.npmjs.org/get-md-title/-/get-md-title-1.0.4.tgz"
  integrity sha512-H+temaw3VH043EzOZWFT1GBKQqTeNfln3vP0tBscsjxYPSNCDmTuF5Ggya4DK3E4hjI7MbFW1TxqrQp1+LvHcg==
  dependencies:
    commonmark-helpers "^0.4.0"
    trim-html-tag "^1.0.3"

gitbook-plugin-rss@^3.0.2:
  version "3.0.2"
  resolved "https://registry.npmjs.org/gitbook-plugin-rss/-/gitbook-plugin-rss-3.0.2.tgz"
  integrity sha512-9VGBqSiQI2W6v+eLteOlFdEKFN31GhcOzuxHsUxeunX1gNGRXrShZ28W4jO0TJCHI1cOYM1Rid3MZbPdMdU5lQ==
  dependencies:
    get-md-desc "^1.0.2"
    get-md-title "^1.0.4"
    rss "^1.2.2"

"mdurl@~ 1.0.0":
  version "1.0.1"
  resolved "https://registry.npmjs.org/mdurl/-/mdurl-1.0.1.tgz"
  integrity sha512-/sKlQJCBYVY9Ers9hqzKou4H6V5UWc/M59TH2dvkt+84itfnq7uFOMLpOiOS4ujvHP4etln18fmIxA5R5fll0g==

mime-db@~1.25.0:
  version "1.25.0"
  resolved "https://registry.npmjs.org/mime-db/-/mime-db-1.25.0.tgz"
  integrity sha512-5k547tI4Cy+Lddr/hdjNbBEWBwSl8EBc5aSdKvedav8DReADgWJzcYiktaRIw3GtGC1jjwldXtTzvqJZmtvC7w==

mime-types@2.1.13:
  version "2.1.13"
  resolved "https://registry.npmjs.org/mime-types/-/mime-types-2.1.13.tgz"
  integrity sha512-ryBDp1Z/6X90UvjUK3RksH0IBPM137T7cmg4OgD5wQBojlAiUwuok0QeELkim/72EtcYuNlmbkrcGuxj3Kl0YQ==
  dependencies:
    mime-db "~1.25.0"

ramda@^0.17.1:
  version "0.17.1"
  resolved "https://registry.npmjs.org/ramda/-/ramda-0.17.1.tgz"
  integrity sha512-6XwOkewuUOhFWIvc4lonoyaui7nQLrBG9p71N2QTNHkAeKJS+vhEk9D/Cv/v8hRCS7JBLLmtXH0KwcBg2u/nfQ==

rss@^1.2.2:
  version "1.2.2"
  resolved "https://registry.npmjs.org/rss/-/rss-1.2.2.tgz"
  integrity sha512-xUhRTgslHeCBeHAqaWSbOYTydN2f0tAzNXvzh3stjz7QDhQMzdgHf3pfgNIngeytQflrFPfy6axHilTETr6gDg==
  dependencies:
    mime-types "2.1.13"
    xml "1.0.1"

string.prototype.repeat@^0.2.0:
  version "0.2.0"
  resolved "https://registry.npmjs.org/string.prototype.repeat/-/string.prototype.repeat-0.2.0.tgz"
  integrity sha512-1BH+X+1hSthZFW+X+JaUkjkkUPwIlLEMJBLANN3hOob3RhEk5snLWNECDnYbgn/m5c5JV7Ersu1Yubaf+05cIA==

trim-html-tag@^1.0.3, trim-html-tag@^1.0.4:
  version "1.0.5"
  resolved "https://registry.npmjs.org/trim-html-tag/-/trim-html-tag-1.0.5.tgz"
  integrity sha512-DUVWEkvR2WhZlQQGob6Wfp2P+LA3iMUM8j3zN2ULbEDdGSFUnQXahx1DNY3opCLutw/eylfS7uSQ5kRugDRKEA==
  dependencies:
    ramda "^0.17.1"

xml@1.0.1:
  version "1.0.1"
  resolved "https://registry.npmjs.org/xml/-/xml-1.0.1.tgz"
  integrity sha512-huCv9IH9Tcf95zuYCsQraZtWnJvBtLVE0QHMOs8bWyZAFZNDcYjsPq1nEx8jKA9y+Beo9v+7OBPRisQTjinQMw==
